
Microsoft Visual Studio Solution File, Format Version 12.00
# Visual Studio 15
VisualStudioVersion = 15.0.26124.0
MinimumVisualStudioVersion = 15.0.26124.0
Project("{FAE04EC0-301F-11D3-BF4B-00C04F79EFBC}") = "Robot", "Robot\Robot.csproj", "{7F4F34AC-A41C-4852-9744-0D304A049193}"
EndProject
Project("{FAE04EC0-301F-11D3-BF4B-00C04F79EFBC}") = "Robot.Cli", "Robot.Cli\Robot.Cli.csproj", "{01184929-E5FD-4D2E-B127-8D10443FEC3D}"
EndProject
Project("{FAE04EC0-301F-11D3-BF4B-00C04F79EFBC}") = "Robot.Tests", "Robot.Tests\Robot.Tests.csproj", "{0F6F8C45-462F-4EF1-AEAB-705C61E14E72}"
EndProject
Global
	GlobalSection(SolutionConfigurationPlatforms) = preSolution
		Debug|Any CPU = Debug|Any CPU
		Debug|x64 = Debug|x64
		Debug|x86 = Debug|x86
		Release|Any CPU = Release|Any CPU
		Release|x64 = Release|x64
		Release|x86 = Release|x86
	EndGlobalSection
	GlobalSection(SolutionProperties) = preSolution
		HideSolutionNode = FALSE
	EndGlobalSection
	GlobalSection(ProjectConfigurationPlatforms) = postSolution
		{7F4F34AC-A41C-4852-9744-0D304A049193}.Debug|Any CPU.ActiveCfg = Debug|Any CPU
		{7F4F34AC-A41C-4852-9744-0D304A049193}.Debug|Any CPU.Build.0 = Debug|Any CPU
		{7F4F34AC-A41C-4852-9744-0D304A049193}.Debug|x64.ActiveCfg = Debug|Any CPU
		{7F4F34AC-A41C-4852-9744-0D304A049193}.Debug|x64.Build.0 = Debug|Any CPU
		{7F4F34AC-A41C-4852-9744-0D304A049193}.Debug|x86.ActiveCfg = Debug|Any CPU
		{7F4F34AC-A41C-4852-9744-0D304A049193}.Debug|x86.Build.0 = Debug|Any CPU
		{7F4F34AC-A41C-4852-9744-0D304A049193}.Release|Any CPU.ActiveCfg = Release|Any CPU
		{7F4F34AC-A41C-4852-9744-0D304A049193}.Release|Any CPU.Build.0 = Release|Any CPU
		{7F4F34AC-A41C-4852-9744-0D304A049193}.Release|x64.ActiveCfg = Release|Any CPU
		{7F4F34AC-A41C-4852-9744-0D304A049193}.Release|x64.Build.0 = Release|Any CPU
		{7F4F34AC-A41C-4852-9744-0D304A049193}.Release|x86.ActiveCfg = Release|Any CPU
		{7F4F34AC-A41C-4852-9744-0D304A049193}.Release|x86.Build.0 = Release|Any CPU
		{01184929-E5FD-4D2E-B127-8D10443FEC3D}.Debug|Any CPU.ActiveCfg = Debug|Any CPU
		{01184929-E5FD-4D2E-B127-8D10443FEC3D}.Debug|Any CPU.Build.0 = Debug|Any CPU
		{01184929-E5FD-4D2E-B127-8D10443FEC3D}.Debug|x64.ActiveCfg = Debug|Any CPU
		{01184929-E5FD-4D2E-B127-8D10443FEC3D}.Debug|x64.Build.0 = Debug|Any CPU
		{01184929-E5FD-4D2E-B127-8D10443FEC3D}.Debug|x86.ActiveCfg = Debug|Any CPU
		{01184929-E5FD-4D2E-B127-8D10443FEC3D}.Debug|x86.Build.0 = Debug|Any CPU
		{01184929-E5FD-4D2E-B127-8D10443FEC3D}.Release|Any CPU.ActiveCfg = Release|Any CPU
		{01184929-E5FD-4D2E-B127-8D10443FEC3D}.Release|Any CPU.Build.0 = Release|Any CPU
		{01184929-E5FD-4D2E-B127-8D10443FEC3D}.Release|x64.ActiveCfg = Release|Any CPU
		{01184929-E5FD-4D2E-B127-8D10443FEC3D}.Release|x64.Build.0 = Release|Any CPU
		{01184929-E5FD-4D2E-B127-8D10443FEC3D}.Release|x86.ActiveCfg = Release|Any CPU
		{01184929-E5FD-4D2E-B127-8D10443FEC3D}.Release|x86.Build.0 = Release|Any CPU
		{0F6F8C45-462F-4EF1-AEAB-705C61E14E72}.Debug|Any CPU.ActiveCfg = Debug|Any CPU
		{0F6F8C45-462F-4EF1-AEAB-705C61E14E72}.Debug|Any CPU.Build.0 = Debug|Any CPU
		{0F6F8C45-462F-4EF1-AEAB-705C61E14E72}.Debug|x64.ActiveCfg = Debug|Any CPU
		{0F6F8C45-462F-4EF1-AEAB-705C61E14E72}.Debug|x64.Build.0 = Debug|Any CPU
		{0F6F8C45-462F-4EF1-AEAB-705C61E14E72}.Debug|x86.ActiveCfg = Debug|Any CPU
		{0F6F8C45-462F-4EF1-AEAB-705C61E14E72}.Debug|x86.Build.0 = Debug|Any CPU
		{0F6F8C45-462F-4EF1-AEAB-705C61E14E72}.Release|Any CPU.ActiveCfg = Release|Any CPU
		{0F6F8C45-462F-4EF1-AEAB-705C61E14E72}.Release|Any CPU.Build.0 = Release|Any CPU
		{0F6F8C45-462F-4EF1-AEAB-705C61E14E72}.Release|x64.ActiveCfg = Release|Any CPU
		{0F6F8C45-462F-4EF1-AEAB-705C61E14E72}.Release|x64.Build.0 = Release|Any CPU
		{0F6F8C45-462F-4EF1-AEAB-705C61E14E72}.Release|x86.ActiveCfg = Release|Any CPU
		{0F6F8C45-462F-4EF1-AEAB-705C61E14E72}.Release|x86.Build.0 = Release|Any CPU
	EndGlobalSection
EndGlobal
